// !$*UTF8*$!
{
	archiveVersion = 1;
	classes = {
	};
	objectVersion = 46;
	objects = {

/* Begin PBXBuildFile section */
		43D453121EB6FBA8005EA0AA /* Alert.swift in Sources */ = {isa = PBXBuildFile; fileRef = 43D452F21EB6FBA8005EA0AA /* Alert.swift */; };
		43D453131EB6FBA8005EA0AA /* Array.extension.swift in Sources */ = {isa = PBXBuildFile; fileRef = 43D452F31EB6FBA8005EA0AA /* Array.extension.swift */; };
		43D453141EB6FBA8005EA0AA /* Dictionary.extension.swift in Sources */ = {isa = PBXBuildFile; fileRef = 43D452F41EB6FBA8005EA0AA /* Dictionary.extension.swift */; };
		43D453151EB6FBA8005EA0AA /* EasyDataSaver.swift in Sources */ = {isa = PBXBuildFile; fileRef = 43D452F51EB6FBA8005EA0AA /* EasyDataSaver.swift */; };
		43D453161EB6FBA8005EA0AA /* EnumValues.swift in Sources */ = {isa = PBXBuildFile; fileRef = 43D452F61EB6FBA8005EA0AA /* EnumValues.swift */; };
		43D453171EB6FBA8005EA0AA /* FocusFrameAttachment.swift in Sources */ = {isa = PBXBuildFile; fileRef = 43D452F71EB6FBA8005EA0AA /* FocusFrameAttachment.swift */; };
		43D453181EB6FBA8005EA0AA /* GestureHandler.swift in Sources */ = {isa = PBXBuildFile; fileRef = 43D452F81EB6FBA8005EA0AA /* GestureHandler.swift */; };
		43D453191EB6FBA8005EA0AA /* KeyboardHelper.swift in Sources */ = {isa = PBXBuildFile; fileRef = 43D452F91EB6FBA8005EA0AA /* KeyboardHelper.swift */; };
		43D4531A1EB6FBA8005EA0AA /* LinesTextView.swift in Sources */ = {isa = PBXBuildFile; fileRef = 43D452FA1EB6FBA8005EA0AA /* LinesTextView.swift */; };
		43D4531B1EB6FBA8005EA0AA /* LongPressGestureHandler.swift in Sources */ = {isa = PBXBuildFile; fileRef = 43D452FB1EB6FBA8005EA0AA /* LongPressGestureHandler.swift */; };
		43D4531C1EB6FBA8005EA0AA /* NontitleBackButtonNavigationController.swift in Sources */ = {isa = PBXBuildFile; fileRef = 43D452FC1EB6FBA8005EA0AA /* NontitleBackButtonNavigationController.swift */; };
		43D4531D1EB6FBA8005EA0AA /* Numbers.extension.swift in Sources */ = {isa = PBXBuildFile; fileRef = 43D452FD1EB6FBA8005EA0AA /* Numbers.extension.swift */; };
		43D4531E1EB6FBA8005EA0AA /* Operation.extension.swift in Sources */ = {isa = PBXBuildFile; fileRef = 43D452FE1EB6FBA8005EA0AA /* Operation.extension.swift */; };
		43D4531F1EB6FBA8005EA0AA /* PlaceholderTextView.swift in Sources */ = {isa = PBXBuildFile; fileRef = 43D452FF1EB6FBA8005EA0AA /* PlaceholderTextView.swift */; };
		43D453201EB6FBA8005EA0AA /* ResourceHelpers.swift in Sources */ = {isa = PBXBuildFile; fileRef = 43D453001EB6FBA8005EA0AA /* ResourceHelpers.swift */; };
		43D453211EB6FBA8005EA0AA /* Result.swift in Sources */ = {isa = PBXBuildFile; fileRef = 43D453011EB6FBA8005EA0AA /* Result.swift */; };
		43D453221EB6FBA8005EA0AA /* SafetyTapButton.swift in Sources */ = {isa = PBXBuildFile; fileRef = 43D453021EB6FBA8005EA0AA /* SafetyTapButton.swift */; };
		43D453231EB6FBA8005EA0AA /* SelectOne.swift in Sources */ = {isa = PBXBuildFile; fileRef = 43D453031EB6FBA8005EA0AA /* SelectOne.swift */; };
		43D453241EB6FBA8005EA0AA /* String.extension.swift in Sources */ = {isa = PBXBuildFile; fileRef = 43D453041EB6FBA8005EA0AA /* String.extension.swift */; };
		43D453251EB6FBA8005EA0AA /* SwipeGestureHandler.swift in Sources */ = {isa = PBXBuildFile; fileRef = 43D453051EB6FBA8005EA0AA /* SwipeGestureHandler.swift */; };
		43D453261EB6FBA8005EA0AA /* TextFieldWithMargin.swift in Sources */ = {isa = PBXBuildFile; fileRef = 43D453061EB6FBA8005EA0AA /* TextFieldWithMargin.swift */; };
		43D453271EB6FBA8005EA0AA /* UIApplication.extension.swift in Sources */ = {isa = PBXBuildFile; fileRef = 43D453071EB6FBA8005EA0AA /* UIApplication.extension.swift */; };
		43D453281EB6FBA8005EA0AA /* UIButton.extension.swift in Sources */ = {isa = PBXBuildFile; fileRef = 43D453081EB6FBA8005EA0AA /* UIButton.extension.swift */; };
		43D453291EB6FBA8005EA0AA /* UIColor.extension.swift in Sources */ = {isa = PBXBuildFile; fileRef = 43D453091EB6FBA8005EA0AA /* UIColor.extension.swift */; };
		43D4532A1EB6FBA8005EA0AA /* UIImage.extension.swift in Sources */ = {isa = PBXBuildFile; fileRef = 43D4530A1EB6FBA8005EA0AA /* UIImage.extension.swift */; };
		43D4532B1EB6FBA8005EA0AA /* UINavigationBar.extension.swift in Sources */ = {isa = PBXBuildFile; fileRef = 43D4530B1EB6FBA8005EA0AA /* UINavigationBar.extension.swift */; };
		43D4532C1EB6FBA8005EA0AA /* UIScrollView.extension.swift in Sources */ = {isa = PBXBuildFile; fileRef = 43D4530C1EB6FBA8005EA0AA /* UIScrollView.extension.swift */; };
		43D4532D1EB6FBA8005EA0AA /* UISearchBar.extension.swift in Sources */ = {isa = PBXBuildFile; fileRef = 43D4530D1EB6FBA8005EA0AA /* UISearchBar.extension.swift */; };
		43D4532E1EB6FBA8005EA0AA /* UIView.extension.swift in Sources */ = {isa = PBXBuildFile; fileRef = 43D4530E1EB6FBA8005EA0AA /* UIView.extension.swift */; };
		43D4532F1EB6FBA8005EA0AA /* URL.extension.swift in Sources */ = {isa = PBXBuildFile; fileRef = 43D4530F1EB6FBA8005EA0AA /* URL.extension.swift */; };
		43D453301EB6FBA8005EA0AA /* WebViewController.storyboard in Resources */ = {isa = PBXBuildFile; fileRef = 43D453101EB6FBA8005EA0AA /* WebViewController.storyboard */; };
		43D453311EB6FBA8005EA0AA /* WebViewController.swift in Sources */ = {isa = PBXBuildFile; fileRef = 43D453111EB6FBA8005EA0AA /* WebViewController.swift */; };
		623BD0391DAE36810002388B /* SwiftTips.framework in Frameworks */ = {isa = PBXBuildFile; fileRef = 623BD02F1DAE36810002388B /* SwiftTips.framework */; };
		623BD03E1DAE36810002388B /* SwiftTipsTests.swift in Sources */ = {isa = PBXBuildFile; fileRef = 623BD03D1DAE36810002388B /* SwiftTipsTests.swift */; };
		623BD0401DAE36810002388B /* SwiftTips.h in Headers */ = {isa = PBXBuildFile; fileRef = 623BD0321DAE36810002388B /* SwiftTips.h */; settings = {ATTRIBUTES = (Public, ); }; };
/* End PBXBuildFile section */

/* Begin PBXContainerItemProxy section */
		623BD03A1DAE36810002388B /* PBXContainerItemProxy */ = {
			isa = PBXContainerItemProxy;
			containerPortal = 623BD0261DAE36810002388B /* Project object */;
			proxyType = 1;
			remoteGlobalIDString = 623BD02E1DAE36810002388B;
			remoteInfo = SwiftTips;
		};
/* End PBXContainerItemProxy section */

/* Begin PBXFileReference section */
		43D452F21EB6FBA8005EA0AA /* Alert.swift */ = {isa = PBXFileReference; fileEncoding = 4; lastKnownFileType = sourcecode.swift; path = Alert.swift; sourceTree = "<group>"; };
		43D452F31EB6FBA8005EA0AA /* Array.extension.swift */ = {isa = PBXFileReference; fileEncoding = 4; lastKnownFileType = sourcecode.swift; path = Array.extension.swift; sourceTree = "<group>"; };
		43D452F41EB6FBA8005EA0AA /* Dictionary.extension.swift */ = {isa = PBXFileReference; fileEncoding = 4; lastKnownFileType = sourcecode.swift; path = Dictionary.extension.swift; sourceTree = "<group>"; };
		43D452F51EB6FBA8005EA0AA /* EasyDataSaver.swift */ = {isa = PBXFileReference; fileEncoding = 4; lastKnownFileType = sourcecode.swift; path = EasyDataSaver.swift; sourceTree = "<group>"; };
		43D452F61EB6FBA8005EA0AA /* EnumValues.swift */ = {isa = PBXFileReference; fileEncoding = 4; lastKnownFileType = sourcecode.swift; path = EnumValues.swift; sourceTree = "<group>"; };
		43D452F71EB6FBA8005EA0AA /* FocusFrameAttachment.swift */ = {isa = PBXFileReference; fileEncoding = 4; lastKnownFileType = sourcecode.swift; path = FocusFrameAttachment.swift; sourceTree = "<group>"; };
		43D452F81EB6FBA8005EA0AA /* GestureHandler.swift */ = {isa = PBXFileReference; fileEncoding = 4; lastKnownFileType = sourcecode.swift; path = GestureHandler.swift; sourceTree = "<group>"; };
		43D452F91EB6FBA8005EA0AA /* KeyboardHelper.swift */ = {isa = PBXFileReference; fileEncoding = 4; lastKnownFileType = sourcecode.swift; path = KeyboardHelper.swift; sourceTree = "<group>"; };
		43D452FA1EB6FBA8005EA0AA /* LinesTextView.swift */ = {isa = PBXFileReference; fileEncoding = 4; lastKnownFileType = sourcecode.swift; path = LinesTextView.swift; sourceTree = "<group>"; };
		43D452FB1EB6FBA8005EA0AA /* LongPressGestureHandler.swift */ = {isa = PBXFileReference; fileEncoding = 4; lastKnownFileType = sourcecode.swift; path = LongPressGestureHandler.swift; sourceTree = "<group>"; };
		43D452FC1EB6FBA8005EA0AA /* NontitleBackButtonNavigationController.swift */ = {isa = PBXFileReference; fileEncoding = 4; lastKnownFileType = sourcecode.swift; path = NontitleBackButtonNavigationController.swift; sourceTree = "<group>"; };
		43D452FD1EB6FBA8005EA0AA /* Numbers.extension.swift */ = {isa = PBXFileReference; fileEncoding = 4; lastKnownFileType = sourcecode.swift; path = Numbers.extension.swift; sourceTree = "<group>"; };
		43D452FE1EB6FBA8005EA0AA /* Operation.extension.swift */ = {isa = PBXFileReference; fileEncoding = 4; lastKnownFileType = sourcecode.swift; path = Operation.extension.swift; sourceTree = "<group>"; };
		43D452FF1EB6FBA8005EA0AA /* PlaceholderTextView.swift */ = {isa = PBXFileReference; fileEncoding = 4; lastKnownFileType = sourcecode.swift; path = PlaceholderTextView.swift; sourceTree = "<group>"; };
		43D453001EB6FBA8005EA0AA /* ResourceHelpers.swift */ = {isa = PBXFileReference; fileEncoding = 4; lastKnownFileType = sourcecode.swift; path = ResourceHelpers.swift; sourceTree = "<group>"; };
		43D453011EB6FBA8005EA0AA /* Result.swift */ = {isa = PBXFileReference; fileEncoding = 4; lastKnownFileType = sourcecode.swift; path = Result.swift; sourceTree = "<group>"; };
		43D453021EB6FBA8005EA0AA /* SafetyTapButton.swift */ = {isa = PBXFileReference; fileEncoding = 4; lastKnownFileType = sourcecode.swift; path = SafetyTapButton.swift; sourceTree = "<group>"; };
		43D453031EB6FBA8005EA0AA /* SelectOne.swift */ = {isa = PBXFileReference; fileEncoding = 4; lastKnownFileType = sourcecode.swift; path = SelectOne.swift; sourceTree = "<group>"; };
		43D453041EB6FBA8005EA0AA /* String.extension.swift */ = {isa = PBXFileReference; fileEncoding = 4; lastKnownFileType = sourcecode.swift; path = String.extension.swift; sourceTree = "<group>"; };
		43D453051EB6FBA8005EA0AA /* SwipeGestureHandler.swift */ = {isa = PBXFileReference; fileEncoding = 4; lastKnownFileType = sourcecode.swift; path = SwipeGestureHandler.swift; sourceTree = "<group>"; };
		43D453061EB6FBA8005EA0AA /* TextFieldWithMargin.swift */ = {isa = PBXFileReference; fileEncoding = 4; lastKnownFileType = sourcecode.swift; path = TextFieldWithMargin.swift; sourceTree = "<group>"; };
		43D453071EB6FBA8005EA0AA /* UIApplication.extension.swift */ = {isa = PBXFileReference; fileEncoding = 4; lastKnownFileType = sourcecode.swift; path = UIApplication.extension.swift; sourceTree = "<group>"; };
		43D453081EB6FBA8005EA0AA /* UIButton.extension.swift */ = {isa = PBXFileReference; fileEncoding = 4; lastKnownFileType = sourcecode.swift; path = UIButton.extension.swift; sourceTree = "<group>"; };
		43D453091EB6FBA8005EA0AA /* UIColor.extension.swift */ = {isa = PBXFileReference; fileEncoding = 4; lastKnownFileType = sourcecode.swift; path = UIColor.extension.swift; sourceTree = "<group>"; };
		43D4530A1EB6FBA8005EA0AA /* UIImage.extension.swift */ = {isa = PBXFileReference; fileEncoding = 4; lastKnownFileType = sourcecode.swift; path = UIImage.extension.swift; sourceTree = "<group>"; };
		43D4530B1EB6FBA8005EA0AA /* UINavigationBar.extension.swift */ = {isa = PBXFileReference; fileEncoding = 4; lastKnownFileType = sourcecode.swift; path = UINavigationBar.extension.swift; sourceTree = "<group>"; };
		43D4530C1EB6FBA8005EA0AA /* UIScrollView.extension.swift */ = {isa = PBXFileReference; fileEncoding = 4; lastKnownFileType = sourcecode.swift; path = UIScrollView.extension.swift; sourceTree = "<group>"; };
		43D4530D1EB6FBA8005EA0AA /* UISearchBar.extension.swift */ = {isa = PBXFileReference; fileEncoding = 4; lastKnownFileType = sourcecode.swift; path = UISearchBar.extension.swift; sourceTree = "<group>"; };
		43D4530E1EB6FBA8005EA0AA /* UIView.extension.swift */ = {isa = PBXFileReference; fileEncoding = 4; lastKnownFileType = sourcecode.swift; path = UIView.extension.swift; sourceTree = "<group>"; };
		43D4530F1EB6FBA8005EA0AA /* URL.extension.swift */ = {isa = PBXFileReference; fileEncoding = 4; lastKnownFileType = sourcecode.swift; path = URL.extension.swift; sourceTree = "<group>"; };
		43D453101EB6FBA8005EA0AA /* WebViewController.storyboard */ = {isa = PBXFileReference; fileEncoding = 4; lastKnownFileType = file.storyboard; path = WebViewController.storyboard; sourceTree = "<group>"; };
		43D453111EB6FBA8005EA0AA /* WebViewController.swift */ = {isa = PBXFileReference; fileEncoding = 4; lastKnownFileType = sourcecode.swift; path = WebViewController.swift; sourceTree = "<group>"; };
		623BD02F1DAE36810002388B /* SwiftTips.framework */ = {isa = PBXFileReference; explicitFileType = wrapper.framework; includeInIndex = 0; path = SwiftTips.framework; sourceTree = BUILT_PRODUCTS_DIR; };
		623BD0321DAE36810002388B /* SwiftTips.h */ = {isa = PBXFileReference; lastKnownFileType = sourcecode.c.h; path = SwiftTips.h; sourceTree = "<group>"; };
		623BD0331DAE36810002388B /* Info.plist */ = {isa = PBXFileReference; lastKnownFileType = text.plist.xml; path = Info.plist; sourceTree = "<group>"; };
		623BD0381DAE36810002388B /* SwiftTipsTests.xctest */ = {isa = PBXFileReference; explicitFileType = wrapper.cfbundle; includeInIndex = 0; path = SwiftTipsTests.xctest; sourceTree = BUILT_PRODUCTS_DIR; };
		623BD03D1DAE36810002388B /* SwiftTipsTests.swift */ = {isa = PBXFileReference; lastKnownFileType = sourcecode.swift; path = SwiftTipsTests.swift; sourceTree = "<group>"; };
		623BD03F1DAE36810002388B /* Info.plist */ = {isa = PBXFileReference; lastKnownFileType = text.plist.xml; path = Info.plist; sourceTree = "<group>"; };
/* End PBXFileReference section */

/* Begin PBXFrameworksBuildPhase section */
		623BD02B1DAE36810002388B /* Frameworks */ = {
			isa = PBXFrameworksBuildPhase;
			buildActionMask = 2147483647;
			files = (
			);
			runOnlyForDeploymentPostprocessing = 0;
		};
		623BD0351DAE36810002388B /* Frameworks */ = {
			isa = PBXFrameworksBuildPhase;
			buildActionMask = 2147483647;
			files = (
				623BD0391DAE36810002388B /* SwiftTips.framework in Frameworks */,
			);
			runOnlyForDeploymentPostprocessing = 0;
		};
/* End PBXFrameworksBuildPhase section */

/* Begin PBXGroup section */
		623BD0251DAE36810002388B = {
			isa = PBXGroup;
			children = (
				623BD0311DAE36810002388B /* SwiftTips */,
				623BD03C1DAE36810002388B /* SwiftTipsTests */,
				623BD0301DAE36810002388B /* Products */,
			);
			sourceTree = "<group>";
		};
		623BD0301DAE36810002388B /* Products */ = {
			isa = PBXGroup;
			children = (
				623BD02F1DAE36810002388B /* SwiftTips.framework */,
				623BD0381DAE36810002388B /* SwiftTipsTests.xctest */,
			);
			name = Products;
			sourceTree = "<group>";
		};
		623BD0311DAE36810002388B /* SwiftTips */ = {
			isa = PBXGroup;
			children = (
				623BD0321DAE36810002388B /* SwiftTips.h */,
				623BD0331DAE36810002388B /* Info.plist */,
				623BD0491DAE38720002388B /* Codes */,
			);
			path = SwiftTips;
			sourceTree = "<group>";
		};
		623BD03C1DAE36810002388B /* SwiftTipsTests */ = {
			isa = PBXGroup;
			children = (
				623BD03D1DAE36810002388B /* SwiftTipsTests.swift */,
				623BD03F1DAE36810002388B /* Info.plist */,
			);
			path = SwiftTipsTests;
			sourceTree = "<group>";
		};
		623BD0491DAE38720002388B /* Codes */ = {
			isa = PBXGroup;
			children = (
				43D452F21EB6FBA8005EA0AA /* Alert.swift */,
				43D452F31EB6FBA8005EA0AA /* Array.extension.swift */,
				43D452F41EB6FBA8005EA0AA /* Dictionary.extension.swift */,
				43D452F51EB6FBA8005EA0AA /* EasyDataSaver.swift */,
				43D452F61EB6FBA8005EA0AA /* EnumValues.swift */,
				43D452F71EB6FBA8005EA0AA /* FocusFrameAttachment.swift */,
				43D452F81EB6FBA8005EA0AA /* GestureHandler.swift */,
				43D452F91EB6FBA8005EA0AA /* KeyboardHelper.swift */,
				43D452FA1EB6FBA8005EA0AA /* LinesTextView.swift */,
				43D452FB1EB6FBA8005EA0AA /* LongPressGestureHandler.swift */,
				43D452FC1EB6FBA8005EA0AA /* NontitleBackButtonNavigationController.swift */,
				43D452FD1EB6FBA8005EA0AA /* Numbers.extension.swift */,
				43D452FE1EB6FBA8005EA0AA /* Operation.extension.swift */,
				43D452FF1EB6FBA8005EA0AA /* PlaceholderTextView.swift */,
				43D453001EB6FBA8005EA0AA /* ResourceHelpers.swift */,
				43D453011EB6FBA8005EA0AA /* Result.swift */,
				43D453021EB6FBA8005EA0AA /* SafetyTapButton.swift */,
				43D453031EB6FBA8005EA0AA /* SelectOne.swift */,
				43D453041EB6FBA8005EA0AA /* String.extension.swift */,
				43D453051EB6FBA8005EA0AA /* SwipeGestureHandler.swift */,
				43D453061EB6FBA8005EA0AA /* TextFieldWithMargin.swift */,
				43D453071EB6FBA8005EA0AA /* UIApplication.extension.swift */,
				43D453081EB6FBA8005EA0AA /* UIButton.extension.swift */,
				43D453091EB6FBA8005EA0AA /* UIColor.extension.swift */,
				43D4530A1EB6FBA8005EA0AA /* UIImage.extension.swift */,
				43D4530B1EB6FBA8005EA0AA /* UINavigationBar.extension.swift */,
				43D4530C1EB6FBA8005EA0AA /* UIScrollView.extension.swift */,
				43D4530D1EB6FBA8005EA0AA /* UISearchBar.extension.swift */,
				43D4530E1EB6FBA8005EA0AA /* UIView.extension.swift */,
				43D4530F1EB6FBA8005EA0AA /* URL.extension.swift */,
				43D453101EB6FBA8005EA0AA /* WebViewController.storyboard */,
				43D453111EB6FBA8005EA0AA /* WebViewController.swift */,
			);
			name = Codes;
			sourceTree = "<group>";
		};
/* End PBXGroup section */

/* Begin PBXHeadersBuildPhase section */
		623BD02C1DAE36810002388B /* Headers */ = {
			isa = PBXHeadersBuildPhase;
			buildActionMask = 2147483647;
			files = (
				623BD0401DAE36810002388B /* SwiftTips.h in Headers */,
			);
			runOnlyForDeploymentPostprocessing = 0;
		};
/* End PBXHeadersBuildPhase section */

/* Begin PBXNativeTarget section */
		623BD02E1DAE36810002388B /* SwiftTips */ = {
			isa = PBXNativeTarget;
			buildConfigurationList = 623BD0431DAE36810002388B /* Build configuration list for PBXNativeTarget "SwiftTips" */;
			buildPhases = (
				623BD02A1DAE36810002388B /* Sources */,
				623BD02B1DAE36810002388B /* Frameworks */,
				623BD02C1DAE36810002388B /* Headers */,
				623BD02D1DAE36810002388B /* Resources */,
			);
			buildRules = (
			);
			dependencies = (
			);
			name = SwiftTips;
			productName = SwiftTips;
			productReference = 623BD02F1DAE36810002388B /* SwiftTips.framework */;
			productType = "com.apple.product-type.framework";
		};
		623BD0371DAE36810002388B /* SwiftTipsTests */ = {
			isa = PBXNativeTarget;
			buildConfigurationList = 623BD0461DAE36810002388B /* Build configuration list for PBXNativeTarget "SwiftTipsTests" */;
			buildPhases = (
				623BD0341DAE36810002388B /* Sources */,
				623BD0351DAE36810002388B /* Frameworks */,
				623BD0361DAE36810002388B /* Resources */,
			);
			buildRules = (
			);
			dependencies = (
				623BD03B1DAE36810002388B /* PBXTargetDependency */,
			);
			name = SwiftTipsTests;
			productName = SwiftTipsTests;
			productReference = 623BD0381DAE36810002388B /* SwiftTipsTests.xctest */;
			productType = "com.apple.product-type.bundle.unit-test";
		};
/* End PBXNativeTarget section */

/* Begin PBXProject section */
		623BD0261DAE36810002388B /* Project object */ = {
			isa = PBXProject;
			attributes = {
				LastSwiftUpdateCheck = 0810;
				LastUpgradeCheck = 0820;
				ORGANIZATIONNAME = "Kazuaki Hara";
				TargetAttributes = {
					623BD02E1DAE36810002388B = {
						CreatedOnToolsVersion = 8.1;
						LastSwiftMigration = 0810;
						ProvisioningStyle = Automatic;
					};
					623BD0371DAE36810002388B = {
						CreatedOnToolsVersion = 8.1;
						DevelopmentTeam = QY5JHW32UF;
						ProvisioningStyle = Automatic;
					};
				};
			};
			buildConfigurationList = 623BD0291DAE36810002388B /* Build configuration list for PBXProject "SwiftTips" */;
			compatibilityVersion = "Xcode 3.2";
			developmentRegion = English;
			hasScannedForEncodings = 0;
			knownRegions = (
				en,
			);
			mainGroup = 623BD0251DAE36810002388B;
			productRefGroup = 623BD0301DAE36810002388B /* Products */;
			projectDirPath = "";
			projectRoot = "";
			targets = (
				623BD02E1DAE36810002388B /* SwiftTips */,
				623BD0371DAE36810002388B /* SwiftTipsTests */,
			);
		};
/* End PBXProject section */

/* Begin PBXResourcesBuildPhase section */
		623BD02D1DAE36810002388B /* Resources */ = {
			isa = PBXResourcesBuildPhase;
			buildActionMask = 2147483647;
			files = (
				43D453301EB6FBA8005EA0AA /* WebViewController.storyboard in Resources */,
			);
			runOnlyForDeploymentPostprocessing = 0;
		};
		623BD0361DAE36810002388B /* Resources */ = {
			isa = PBXResourcesBuildPhase;
			buildActionMask = 2147483647;
			files = (
			);
			runOnlyForDeploymentPostprocessing = 0;
		};
/* End PBXResourcesBuildPhase section */

/* Begin PBXSourcesBuildPhase section */
		623BD02A1DAE36810002388B /* Sources */ = {
			isa = PBXSourcesBuildPhase;
			buildActionMask = 2147483647;
			files = (
				43D453191EB6FBA8005EA0AA /* KeyboardHelper.swift in Sources */,
				43D453131EB6FBA8005EA0AA /* Array.extension.swift in Sources */,
				43D453201EB6FBA8005EA0AA /* ResourceHelpers.swift in Sources */,
				43D4531C1EB6FBA8005EA0AA /* NontitleBackButtonNavigationController.swift in Sources */,
				43D4532E1EB6FBA8005EA0AA /* UIView.extension.swift in Sources */,
				43D4531B1EB6FBA8005EA0AA /* LongPressGestureHandler.swift in Sources */,
				43D453181EB6FBA8005EA0AA /* GestureHandler.swift in Sources */,
				43D4532D1EB6FBA8005EA0AA /* UISearchBar.extension.swift in Sources */,
				43D453141EB6FBA8005EA0AA /* Dictionary.extension.swift in Sources */,
				43D453151EB6FBA8005EA0AA /* EasyDataSaver.swift in Sources */,
				43D4532B1EB6FBA8005EA0AA /* UINavigationBar.extension.swift in Sources */,
				43D453261EB6FBA8005EA0AA /* TextFieldWithMargin.swift in Sources */,
				43D4532A1EB6FBA8005EA0AA /* UIImage.extension.swift in Sources */,
				43D4531D1EB6FBA8005EA0AA /* Numbers.extension.swift in Sources */,
				43D453251EB6FBA8005EA0AA /* SwipeGestureHandler.swift in Sources */,
				43D453281EB6FBA8005EA0AA /* UIButton.extension.swift in Sources */,
				43D453221EB6FBA8005EA0AA /* SafetyTapButton.swift in Sources */,
				43D4532F1EB6FBA8005EA0AA /* URL.extension.swift in Sources */,
				43D453291EB6FBA8005EA0AA /* UIColor.extension.swift in Sources */,
				43D453171EB6FBA8005EA0AA /* FocusFrameAttachment.swift in Sources */,
				43D4531E1EB6FBA8005EA0AA /* Operation.extension.swift in Sources */,
				43D453161EB6FBA8005EA0AA /* EnumValues.swift in Sources */,
				43D453211EB6FBA8005EA0AA /* Result.swift in Sources */,
				43D453241EB6FBA8005EA0AA /* String.extension.swift in Sources */,
				43D4531A1EB6FBA8005EA0AA /* LinesTextView.swift in Sources */,
				43D4531F1EB6FBA8005EA0AA /* PlaceholderTextView.swift in Sources */,
				43D453271EB6FBA8005EA0AA /* UIApplication.extension.swift in Sources */,
				43D453231EB6FBA8005EA0AA /* SelectOne.swift in Sources */,
				43D453121EB6FBA8005EA0AA /* Alert.swift in Sources */,
				43D453311EB6FBA8005EA0AA /* WebViewController.swift in Sources */,
				43D4532C1EB6FBA8005EA0AA /* UIScrollView.extension.swift in Sources */,
			);
			runOnlyForDeploymentPostprocessing = 0;
		};
		623BD0341DAE36810002388B /* Sources */ = {
			isa = PBXSourcesBuildPhase;
			buildActionMask = 2147483647;
			files = (
				623BD03E1DAE36810002388B /* SwiftTipsTests.swift in Sources */,
			);
			runOnlyForDeploymentPostprocessing = 0;
		};
/* End PBXSourcesBuildPhase section */

/* Begin PBXTargetDependency section */
		623BD03B1DAE36810002388B /* PBXTargetDependency */ = {
			isa = PBXTargetDependency;
			target = 623BD02E1DAE36810002388B /* SwiftTips */;
			targetProxy = 623BD03A1DAE36810002388B /* PBXContainerItemProxy */;
		};
/* End PBXTargetDependency section */

/* Begin XCBuildConfiguration section */
		623BD0411DAE36810002388B /* Debug */ = {
			isa = XCBuildConfiguration;
			buildSettings = {
				ALWAYS_SEARCH_USER_PATHS = NO;
				CLANG_ANALYZER_NONNULL = YES;
				CLANG_CXX_LANGUAGE_STANDARD = "gnu++0x";
				CLANG_CXX_LIBRARY = "libc++";
				CLANG_ENABLE_MODULES = YES;
				CLANG_ENABLE_OBJC_ARC = YES;
				CLANG_WARN_BOOL_CONVERSION = YES;
				CLANG_WARN_CONSTANT_CONVERSION = YES;
				CLANG_WARN_DIRECT_OBJC_ISA_USAGE = YES_ERROR;
				CLANG_WARN_DOCUMENTATION_COMMENTS = YES;
				CLANG_WARN_EMPTY_BODY = YES;
				CLANG_WARN_ENUM_CONVERSION = YES;
				CLANG_WARN_INFINITE_RECURSION = YES;
				CLANG_WARN_INT_CONVERSION = YES;
				CLANG_WARN_OBJC_ROOT_CLASS = YES_ERROR;
				CLANG_WARN_SUSPICIOUS_MOVE = YES;
				CLANG_WARN_SUSPICIOUS_MOVES = YES;
				CLANG_WARN_UNREACHABLE_CODE = YES;
				CLANG_WARN__DUPLICATE_METHOD_MATCH = YES;
				"CODE_SIGN_IDENTITY[sdk=iphoneos*]" = "";
				COPY_PHASE_STRIP = NO;
				CURRENT_PROJECT_VERSION = 1;
				DEBUG_INFORMATION_FORMAT = dwarf;
				ENABLE_STRICT_OBJC_MSGSEND = YES;
				ENABLE_TESTABILITY = YES;
				GCC_C_LANGUAGE_STANDARD = gnu99;
				GCC_DYNAMIC_NO_PIC = NO;
				GCC_NO_COMMON_BLOCKS = YES;
				GCC_OPTIMIZATION_LEVEL = 0;
				GCC_PREPROCESSOR_DEFINITIONS = (
					"DEBUG=1",
					"$(inherited)",
				);
				GCC_WARN_64_TO_32_BIT_CONVERSION = YES;
				GCC_WARN_ABOUT_RETURN_TYPE = YES_ERROR;
				GCC_WARN_UNDECLARED_SELECTOR = YES;
				GCC_WARN_UNINITIALIZED_AUTOS = YES_AGGRESSIVE;
				GCC_WARN_UNUSED_FUNCTION = YES;
				GCC_WARN_UNUSED_VARIABLE = YES;
				IPHONEOS_DEPLOYMENT_TARGET = 9.0;
				MTL_ENABLE_DEBUG_INFO = YES;
				ONLY_ACTIVE_ARCH = YES;
				SDKROOT = iphoneos;
				SWIFT_ACTIVE_COMPILATION_CONDITIONS = DEBUG;
				SWIFT_OPTIMIZATION_LEVEL = "-Onone";
				TARGETED_DEVICE_FAMILY = "1,2";
				VERSIONING_SYSTEM = "apple-generic";
				VERSION_INFO_PREFIX = "";
			};
			name = Debug;
		};
		623BD0421DAE36810002388B /* Release */ = {
			isa = XCBuildConfiguration;
			buildSettings = {
				ALWAYS_SEARCH_USER_PATHS = NO;
				CLANG_ANALYZER_NONNULL = YES;
				CLANG_CXX_LANGUAGE_STANDARD = "gnu++0x";
				CLANG_CXX_LIBRARY = "libc++";
				CLANG_ENABLE_MODULES = YES;
				CLANG_ENABLE_OBJC_ARC = YES;
				CLANG_WARN_BOOL_CONVERSION = YES;
				CLANG_WARN_CONSTANT_CONVERSION = YES;
				CLANG_WARN_DIRECT_OBJC_ISA_USAGE = YES_ERROR;
				CLANG_WARN_DOCUMENTATION_COMMENTS = YES;
				CLANG_WARN_EMPTY_BODY = YES;
				CLANG_WARN_ENUM_CONVERSION = YES;
				CLANG_WARN_INFINITE_RECURSION = YES;
				CLANG_WARN_INT_CONVERSION = YES;
				CLANG_WARN_OBJC_ROOT_CLASS = YES_ERROR;
				CLANG_WARN_SUSPICIOUS_MOVE = YES;
				CLANG_WARN_SUSPICIOUS_MOVES = YES;
				CLANG_WARN_UNREACHABLE_CODE = YES;
				CLANG_WARN__DUPLICATE_METHOD_MATCH = YES;
				"CODE_SIGN_IDENTITY[sdk=iphoneos*]" = "";
				COPY_PHASE_STRIP = YES;
				CURRENT_PROJECT_VERSION = 1;
				DEBUG_INFORMATION_FORMAT = "dwarf-with-dsym";
				ENABLE_NS_ASSERTIONS = NO;
				ENABLE_STRICT_OBJC_MSGSEND = YES;
				GCC_C_LANGUAGE_STANDARD = gnu99;
				GCC_NO_COMMON_BLOCKS = YES;
				GCC_WARN_64_TO_32_BIT_CONVERSION = YES;
				GCC_WARN_ABOUT_RETURN_TYPE = YES_ERROR;
				GCC_WARN_UNDECLARED_SELECTOR = YES;
				GCC_WARN_UNINITIALIZED_AUTOS = YES_AGGRESSIVE;
				GCC_WARN_UNUSED_FUNCTION = YES;
				GCC_WARN_UNUSED_VARIABLE = YES;
				IPHONEOS_DEPLOYMENT_TARGET = 9.0;
				MTL_ENABLE_DEBUG_INFO = NO;
				SDKROOT = iphoneos;
				SWIFT_OPTIMIZATION_LEVEL = "-Owholemodule";
				TARGETED_DEVICE_FAMILY = "1,2";
				VALIDATE_PRODUCT = YES;
				VERSIONING_SYSTEM = "apple-generic";
				VERSION_INFO_PREFIX = "";
			};
			name = Release;
		};
		623BD0441DAE36810002388B /* Debug */ = {
			isa = XCBuildConfiguration;
			buildSettings = {
				CLANG_ENABLE_MODULES = YES;
				CODE_SIGN_IDENTITY = "";
				DEFINES_MODULE = YES;
				DEVELOPMENT_TEAM = "";
				DYLIB_COMPATIBILITY_VERSION = 1;
				DYLIB_CURRENT_VERSION = 1;
				DYLIB_INSTALL_NAME_BASE = "@rpath";
				INFOPLIST_FILE = SwiftTips/Info.plist;
				INSTALL_PATH = "$(LOCAL_LIBRARY_DIR)/Frameworks";
				LD_RUNPATH_SEARCH_PATHS = "$(inherited) @executable_path/Frameworks @loader_path/Frameworks";
				PRODUCT_BUNDLE_IDENTIFIER = "com.kazuaki-hara.SwiftTips";
				PRODUCT_NAME = "$(TARGET_NAME)";
				SKIP_INSTALL = YES;
				SWIFT_OPTIMIZATION_LEVEL = "-Onone";
				SWIFT_VERSION = 3.0;
			};
			name = Debug;
		};
		623BD0451DAE36810002388B /* Release */ = {
			isa = XCBuildConfiguration;
			buildSettings = {
				CLANG_ENABLE_MODULES = YES;
				CODE_SIGN_IDENTITY = "";
				DEFINES_MODULE = YES;
				DEVELOPMENT_TEAM = "";
				DYLIB_COMPATIBILITY_VERSION = 1;
				DYLIB_CURRENT_VERSION = 1;
				DYLIB_INSTALL_NAME_BASE = "@rpath";
				INFOPLIST_FILE = SwiftTips/Info.plist;
				INSTALL_PATH = "$(LOCAL_LIBRARY_DIR)/Frameworks";
				LD_RUNPATH_SEARCH_PATHS = "$(inherited) @executable_path/Frameworks @loader_path/Frameworks";
				PRODUCT_BUNDLE_IDENTIFIER = "com.kazuaki-hara.SwiftTips";
				PRODUCT_NAME = "$(TARGET_NAME)";
				SKIP_INSTALL = YES;
				SWIFT_VERSION = 3.0;
			};
			name = Release;
		};
		623BD0471DAE36810002388B /* Debug */ = {
			isa = XCBuildConfiguration;
			buildSettings = {
				ALWAYS_EMBED_SWIFT_STANDARD_LIBRARIES = YES;
				DEVELOPMENT_TEAM = QY5JHW32UF;
				INFOPLIST_FILE = SwiftTipsTests/Info.plist;
				LD_RUNPATH_SEARCH_PATHS = "$(inherited) @executable_path/Frameworks @loader_path/Frameworks";
				PRODUCT_BUNDLE_IDENTIFIER = "com.kazuaki-hara.SwiftTipsTests";
				PRODUCT_NAME = "$(TARGET_NAME)";
				SWIFT_VERSION = 3.0;
			};
			name = Debug;
		};
		623BD0481DAE36810002388B /* Release */ = {
			isa = XCBuildConfiguration;
			buildSettings = {
				ALWAYS_EMBED_SWIFT_STANDARD_LIBRARIES = YES;
				DEVELOPMENT_TEAM = QY5JHW32UF;
				INFOPLIST_FILE = SwiftTipsTests/Info.plist;
				LD_RUNPATH_SEARCH_PATHS = "$(inherited) @executable_path/Frameworks @loader_path/Frameworks";
				PRODUCT_BUNDLE_IDENTIFIER = "com.kazuaki-hara.SwiftTipsTests";
				PRODUCT_NAME = "$(TARGET_NAME)";
				SWIFT_VERSION = 3.0;
			};
			name = Release;
		};
/* End XCBuildConfiguration section */

/* Begin XCConfigurationList section */
		623BD0291DAE36810002388B /* Build configuration list for PBXProject "SwiftTips" */ = {
			isa = XCConfigurationList;
			buildConfigurations = (
				623BD0411DAE36810002388B /* Debug */,
				623BD0421DAE36810002388B /* Release */,
			);
			defaultConfigurationIsVisible = 0;
			defaultConfigurationName = Release;
		};
		623BD0431DAE36810002388B /* Build configuration list for PBXNativeTarget "SwiftTips" */ = {
			isa = XCConfigurationList;
			buildConfigurations = (
				623BD0441DAE36810002388B /* Debug */,
				623BD0451DAE36810002388B /* Release */,
			);
			defaultConfigurationIsVisible = 0;
			defaultConfigurationName = Release;
		};
		623BD0461DAE36810002388B /* Build configuration list for PBXNativeTarget "SwiftTipsTests" */ = {
			isa = XCConfigurationList;
			buildConfigurations = (
				623BD0471DAE36810002388B /* Debug */,
				623BD0481DAE36810002388B /* Release */,
			);
			defaultConfigurationIsVisible = 0;
			defaultConfigurationName = Release;
		};
/* End XCConfigurationList section */
	};
	rootObject = 623BD0261DAE36810002388B /* Project object */;
}
